
Microsoft Visual Studio Solution File, Format Version 12.00
# Visual Studio 2015
Project("{FAE04EC0-301F-11D3-BF4B-00C04F79EFBC}") = "GAME154P1_Ferreira_Matthew.Plugins", "GAME154P1_Ferreira_Matthew.Plugins.csproj", "{93515B37-5328-2BF0-A44F-38E27EA7DAA4}"
EndProject
Project("{FAE04EC0-301F-11D3-BF4B-00C04F79EFBC}") = "GAME154P1_Ferreira_Matthew", "GAME154P1_Ferreira_Matthew.csproj", "{4D8B7457-5658-1ACC-1759-F2001613427F}"
EndProject
Project("{FAE04EC0-301F-11D3-BF4B-00C04F79EFBC}") = "GAME154P1_Ferreira_Matthew.Editor.Plugins", "GAME154P1_Ferreira_Matthew.Editor.Plugins.csproj", "{C9CAE880-36C6-6AB5-0E6C-3DD520E13DA9}"
EndProject
Global
	GlobalSection(SolutionConfigurationPlatforms) = preSolution
		Debug|Any CPU = Debug|Any CPU
		Release|Any CPU = Release|Any CPU
	EndGlobalSection
	GlobalSection(ProjectConfigurationPlatforms) = postSolution
		{93515B37-5328-2BF0-A44F-38E27EA7DAA4}.Debug|Any CPU.ActiveCfg = Debug|Any CPU
		{93515B37-5328-2BF0-A44F-38E27EA7DAA4}.Debug|Any CPU.Build.0 = Debug|Any CPU
		{93515B37-5328-2BF0-A44F-38E27EA7DAA4}.Release|Any CPU.ActiveCfg = Release|Any CPU
		{93515B37-5328-2BF0-A44F-38E27EA7DAA4}.Release|Any CPU.Build.0 = Release|Any CPU
		{4D8B7457-5658-1ACC-1759-F2001613427F}.Debug|Any CPU.ActiveCfg = Debug|Any CPU
		{4D8B7457-5658-1ACC-1759-F2001613427F}.Debug|Any CPU.Build.0 = Debug|Any CPU
		{4D8B7457-5658-1ACC-1759-F2001613427F}.Release|Any CPU.ActiveCfg = Release|Any CPU
		{4D8B7457-5658-1ACC-1759-F2001613427F}.Release|Any CPU.Build.0 = Release|Any CPU
		{C9CAE880-36C6-6AB5-0E6C-3DD520E13DA9}.Debug|Any CPU.ActiveCfg = Debug|Any CPU
		{C9CAE880-36C6-6AB5-0E6C-3DD520E13DA9}.Debug|Any CPU.Build.0 = Debug|Any CPU
		{C9CAE880-36C6-6AB5-0E6C-3DD520E13DA9}.Release|Any CPU.ActiveCfg = Release|Any CPU
		{C9CAE880-36C6-6AB5-0E6C-3DD520E13DA9}.Release|Any CPU.Build.0 = Release|Any CPU
	EndGlobalSection
	GlobalSection(SolutionProperties) = preSolution
		HideSolutionNode = FALSE
	EndGlobalSection
EndGlobal
